
Microsoft Visual Studio Solution File, Format Version 12.00
# Visual Studio 15
Project("{FAE04EC0-301F-11D3-BF4B-00C04F79EFBC}") = "Mediapipe.Runtime", "Mediapipe.Runtime.csproj", "{189323DB-6AA8-B6F2-6D9E-D317E2C5E7B2}"
EndProject
Project("{FAE04EC0-301F-11D3-BF4B-00C04F79EFBC}") = "Mediapipe.Runtime.Tests", "Mediapipe.Runtime.Tests.csproj", "{45F9860F-9F9C-EEFE-9FF5-863989DFF804}"
EndProject
Project("{FAE04EC0-301F-11D3-BF4B-00C04F79EFBC}") = "Assembly-CSharp", "Assembly-CSharp.csproj", "{0C1176F7-73E9-01BC-6505-F8A6C073D044}"
EndProject
Project("{FAE04EC0-301F-11D3-BF4B-00C04F79EFBC}") = "Assembly-CSharp-Editor", "Assembly-CSharp-Editor.csproj", "{ED161D5E-30F2-848D-CF2D-78CFDC8D294F}"
EndProject
Global
	GlobalSection(SolutionConfigurationPlatforms) = preSolution
		Debug|Any CPU = Debug|Any CPU
		Release|Any CPU = Release|Any CPU
	EndGlobalSection
	GlobalSection(ProjectConfigurationPlatforms) = postSolution
		{189323DB-6AA8-B6F2-6D9E-D317E2C5E7B2}.Debug|Any CPU.ActiveCfg = Debug|Any CPU
		{189323DB-6AA8-B6F2-6D9E-D317E2C5E7B2}.Debug|Any CPU.Build.0 = Debug|Any CPU
		{189323DB-6AA8-B6F2-6D9E-D317E2C5E7B2}.Release|Any CPU.ActiveCfg = Release|Any CPU
		{189323DB-6AA8-B6F2-6D9E-D317E2C5E7B2}.Release|Any CPU.Build.0 = Release|Any CPU
		{45F9860F-9F9C-EEFE-9FF5-863989DFF804}.Debug|Any CPU.ActiveCfg = Debug|Any CPU
		{45F9860F-9F9C-EEFE-9FF5-863989DFF804}.Debug|Any CPU.Build.0 = Debug|Any CPU
		{45F9860F-9F9C-EEFE-9FF5-863989DFF804}.Release|Any CPU.ActiveCfg = Release|Any CPU
		{45F9860F-9F9C-EEFE-9FF5-863989DFF804}.Release|Any CPU.Build.0 = Release|Any CPU
		{0C1176F7-73E9-01BC-6505-F8A6C073D044}.Debug|Any CPU.ActiveCfg = Debug|Any CPU
		{0C1176F7-73E9-01BC-6505-F8A6C073D044}.Debug|Any CPU.Build.0 = Debug|Any CPU
		{0C1176F7-73E9-01BC-6505-F8A6C073D044}.Release|Any CPU.ActiveCfg = Release|Any CPU
		{0C1176F7-73E9-01BC-6505-F8A6C073D044}.Release|Any CPU.Build.0 = Release|Any CPU
		{ED161D5E-30F2-848D-CF2D-78CFDC8D294F}.Debug|Any CPU.ActiveCfg = Debug|Any CPU
		{ED161D5E-30F2-848D-CF2D-78CFDC8D294F}.Debug|Any CPU.Build.0 = Debug|Any CPU
		{ED161D5E-30F2-848D-CF2D-78CFDC8D294F}.Release|Any CPU.ActiveCfg = Release|Any CPU
		{ED161D5E-30F2-848D-CF2D-78CFDC8D294F}.Release|Any CPU.Build.0 = Release|Any CPU
	EndGlobalSection
	GlobalSection(SolutionProperties) = preSolution
		HideSolutionNode = FALSE
	EndGlobalSection
EndGlobal
